
Microsoft Visual Studio Solution File, Format Version 12.00
# Visual Studio Version 16
VisualStudioVersion = 16.0.29806.167
MinimumVisualStudioVersion = 10.0.40219.1
Project("{FAE04EC0-301F-11D3-BF4B-00C04F79EFBC}") = "SmartEnergy", "SmartEnergy.csproj", "{73E84D33-122D-4EE6-A2F4-057A16B4A4F3}"
EndProject
Global
	GlobalSection(SolutionConfigurationPlatforms) = preSolution
		Debug|Any CPU = Debug|Any CPU
		Release|Any CPU = Release|Any CPU
	EndGlobalSection
	GlobalSection(ProjectConfigurationPlatforms) = postSolution
		{73E84D33-122D-4EE6-A2F4-057A16B4A4F3}.Debug|Any CPU.ActiveCfg = Debug|Any CPU
		{73E84D33-122D-4EE6-A2F4-057A16B4A4F3}.Debug|Any CPU.Build.0 = Debug|Any CPU
		{73E84D33-122D-4EE6-A2F4-057A16B4A4F3}.Release|Any CPU.ActiveCfg = Release|Any CPU
		{73E84D33-122D-4EE6-A2F4-057A16B4A4F3}.Release|Any CPU.Build.0 = Release|Any CPU
	EndGlobalSection
	GlobalSection(SolutionProperties) = preSolution
		HideSolutionNode = FALSE
	EndGlobalSection
	GlobalSection(ExtensibilityGlobals) = postSolution
		SolutionGuid = {09F41CCF-27E4-4180-BBE4-27914EA4A575}
	EndGlobalSection
EndGlobal
